
Microsoft Visual Studio Solution File, Format Version 12.00
# Visual Studio 15
VisualStudioVersion = 15.0.35213.121
MinimumVisualStudioVersion = 10.0.40219.1
Project("{FAE04EC0-301F-11D3-BF4B-00C04F79EFBC}") = "ödev3", "ödev3\ödev3.csproj", "{4BC45EFE-32E5-4A88-B36E-E529F845A575}"
EndProject
Global
	GlobalSection(SolutionConfigurationPlatforms) = preSolution
		Debug|Any CPU = Debug|Any CPU
		Release|Any CPU = Release|Any CPU
	EndGlobalSection
	GlobalSection(ProjectConfigurationPlatforms) = postSolution
		{4BC45EFE-32E5-4A88-B36E-E529F845A575}.Debug|Any CPU.ActiveCfg = Debug|Any CPU
		{4BC45EFE-32E5-4A88-B36E-E529F845A575}.Debug|Any CPU.Build.0 = Debug|Any CPU
		{4BC45EFE-32E5-4A88-B36E-E529F845A575}.Release|Any CPU.ActiveCfg = Release|Any CPU
		{4BC45EFE-32E5-4A88-B36E-E529F845A575}.Release|Any CPU.Build.0 = Release|Any CPU
	EndGlobalSection
	GlobalSection(SolutionProperties) = preSolution
		HideSolutionNode = FALSE
	EndGlobalSection
	GlobalSection(ExtensibilityGlobals) = postSolution
		SolutionGuid = {D853E2F0-9B42-47B4-812A-100D8BCC0DB1}
	EndGlobalSection
EndGlobal
