
Microsoft Visual Studio Solution File, Format Version 12.00
# Visual Studio 15
VisualStudioVersion = 15.0.35213.121
MinimumVisualStudioVersion = 10.0.40219.1
Project("{FAE04EC0-301F-11D3-BF4B-00C04F79EFBC}") = "ödev5", "ödev5\ödev5.csproj", "{7DFE2BF9-875B-4AF6-8E58-3A46BCDF9AAF}"
EndProject
Global
	GlobalSection(SolutionConfigurationPlatforms) = preSolution
		Debug|Any CPU = Debug|Any CPU
		Release|Any CPU = Release|Any CPU
	EndGlobalSection
	GlobalSection(ProjectConfigurationPlatforms) = postSolution
		{7DFE2BF9-875B-4AF6-8E58-3A46BCDF9AAF}.Debug|Any CPU.ActiveCfg = Debug|Any CPU
		{7DFE2BF9-875B-4AF6-8E58-3A46BCDF9AAF}.Debug|Any CPU.Build.0 = Debug|Any CPU
		{7DFE2BF9-875B-4AF6-8E58-3A46BCDF9AAF}.Release|Any CPU.ActiveCfg = Release|Any CPU
		{7DFE2BF9-875B-4AF6-8E58-3A46BCDF9AAF}.Release|Any CPU.Build.0 = Release|Any CPU
	EndGlobalSection
	GlobalSection(SolutionProperties) = preSolution
		HideSolutionNode = FALSE
	EndGlobalSection
	GlobalSection(ExtensibilityGlobals) = postSolution
		SolutionGuid = {FCE4DAF3-BAD2-4B8E-B7FF-5A838587A177}
	EndGlobalSection
EndGlobal
